PODS:
  - Alamofire (4.4.0)
  - Realm (2.7.0):
    - Realm/Headers (= 2.7.0)
  - Realm/Headers (2.7.0)
  - RealmSwift (2.7.0):
    - Realm (= 2.7.0)

DEPENDENCIES:
  - Alamofire
  - RealmSwift

SPEC CHECKSUMS:
  Alamofire: dc44b1600b800eb63da6a19039a0083d62a6a62d
  Realm: 07e5d3a9e0e41d65fd5f9f05150ed6295d0f093b
  RealmSwift: 6d06425d3900c86473c4f323bf6949b43fca22bc

PODFILE CHECKSUM: dd1718e896a40368e7596c8eca55e5757ad730c2

COCOAPODS: 1.2.1
