// !$*UTF8*$!
{
	archiveVersion = 1;
	classes = {
	};
	objectVersion = 46;
	objects = {

/* Begin PBXBuildFile section */
		22C69C3D1EC7BA2F00B77D85 /* ResultViewController.swift in Sources */ = {isa = PBXBuildFile; fileRef = 22C69C3C1EC7BA2F00B77D85 /* ResultViewController.swift */; };
		6742CF620C236842675CD48F /* Pods_EyeBot.framework in Frameworks */ = {isa = PBXBuildFile; fileRef = 96D82E656639FA3CEC640F2D /* Pods_EyeBot.framework */; };
		A0B21FCE1EC9EAB500FFB8C4 /* StoredPrediction.swift in Sources */ = {isa = PBXBuildFile; fileRef = A0B21FCD1EC9EAB500FFB8C4 /* StoredPrediction.swift */; };
		A0B21FD11EC9EBE800FFB8C4 /* PredictionError.swift in Sources */ = {isa = PBXBuildFile; fileRef = A0B21FD01EC9EBE800FFB8C4 /* PredictionError.swift */; };
		A0B21FD31EC9EBF100FFB8C4 /* Prediction.swift in Sources */ = {isa = PBXBuildFile; fileRef = A0B21FD21EC9EBF100FFB8C4 /* Prediction.swift */; };
		A0B21FD51EC9EBFC00FFB8C4 /* Probability.swift in Sources */ = {isa = PBXBuildFile; fileRef = A0B21FD41EC9EBFC00FFB8C4 /* Probability.swift */; };
		A0B21FD71EC9F94200FFB8C4 /* PredictionsTableViewController.swift in Sources */ = {isa = PBXBuildFile; fileRef = A0B21FD61EC9F94200FFB8C4 /* PredictionsTableViewController.swift */; };
		A0B21FD91EC9F95900FFB8C4 /* PredictionTableViewCell.swift in Sources */ = {isa = PBXBuildFile; fileRef = A0B21FD81EC9F95900FFB8C4 /* PredictionTableViewCell.swift */; };
		A0B21FDC1EC9FA7500FFB8C4 /* PredictionDetailViewController.swift in Sources */ = {isa = PBXBuildFile; fileRef = A0B21FDB1EC9FA7500FFB8C4 /* PredictionDetailViewController.swift */; };
		A0E23F461EC5F071003F5844 /* AppDelegate.swift in Sources */ = {isa = PBXBuildFile; fileRef = A0E23F451EC5F071003F5844 /* AppDelegate.swift */; };
		A0E23F481EC5F071003F5844 /* ViewController.swift in Sources */ = {isa = PBXBuildFile; fileRef = A0E23F471EC5F071003F5844 /* ViewController.swift */; };
		A0E23F4B1EC5F071003F5844 /* Main.storyboard in Resources */ = {isa = PBXBuildFile; fileRef = A0E23F491EC5F071003F5844 /* Main.storyboard */; };
		A0E23F4D1EC5F071003F5844 /* Assets.xcassets in Resources */ = {isa = PBXBuildFile; fileRef = A0E23F4C1EC5F071003F5844 /* Assets.xcassets */; };
		A0E23F501EC5F071003F5844 /* LaunchScreen.storyboard in Resources */ = {isa = PBXBuildFile; fileRef = A0E23F4E1EC5F071003F5844 /* LaunchScreen.storyboard */; };
		A0EA9DFE1EC6104C00BDF946 /* EinsteinManager.swift in Sources */ = {isa = PBXBuildFile; fileRef = A0EA9DFD1EC6104C00BDF946 /* EinsteinManager.swift */; };
/* End PBXBuildFile section */

/* Begin PBXFileReference section */
		22C69C3C1EC7BA2F00B77D85 /* ResultViewController.swift */ = {isa = PBXFileReference; fileEncoding = 4; lastKnownFileType = sourcecode.swift; path = ResultViewController.swift; sourceTree = "<group>"; };
		4FBC21F14B7F3C325FC1D0D5 /* Pods-EyeBot.debug.xcconfig */ = {isa = PBXFileReference; includeInIndex = 1; lastKnownFileType = text.xcconfig; name = "Pods-EyeBot.debug.xcconfig"; path = "Pods/Target Support Files/Pods-EyeBot/Pods-EyeBot.debug.xcconfig"; sourceTree = "<group>"; };
		96D82E656639FA3CEC640F2D /* Pods_EyeBot.framework */ = {isa = PBXFileReference; explicitFileType = wrapper.framework; includeInIndex = 0; path = Pods_EyeBot.framework; sourceTree = BUILT_PRODUCTS_DIR; };
		A0B21FCD1EC9EAB500FFB8C4 /* StoredPrediction.swift */ = {isa = PBXFileReference; fileEncoding = 4; lastKnownFileType = sourcecode.swift; path = StoredPrediction.swift; sourceTree = "<group>"; };
		A0B21FD01EC9EBE800FFB8C4 /* PredictionError.swift */ = {isa = PBXFileReference; fileEncoding = 4; lastKnownFileType = sourcecode.swift; path = PredictionError.swift; sourceTree = "<group>"; };
		A0B21FD21EC9EBF100FFB8C4 /* Prediction.swift */ = {isa = PBXFileReference; fileEncoding = 4; lastKnownFileType = sourcecode.swift; path = Prediction.swift; sourceTree = "<group>"; };
		A0B21FD41EC9EBFC00FFB8C4 /* Probability.swift */ = {isa = PBXFileReference; fileEncoding = 4; lastKnownFileType = sourcecode.swift; path = Probability.swift; sourceTree = "<group>"; };
		A0B21FD61EC9F94200FFB8C4 /* PredictionsTableViewController.swift */ = {isa = PBXFileReference; fileEncoding = 4; lastKnownFileType = sourcecode.swift; path = PredictionsTableViewController.swift; sourceTree = "<group>"; };
		A0B21FD81EC9F95900FFB8C4 /* PredictionTableViewCell.swift */ = {isa = PBXFileReference; fileEncoding = 4; lastKnownFileType = sourcecode.swift; path = PredictionTableViewCell.swift; sourceTree = "<group>"; };
		A0B21FDB1EC9FA7500FFB8C4 /* PredictionDetailViewController.swift */ = {isa = PBXFileReference; fileEncoding = 4; lastKnownFileType = sourcecode.swift; path = PredictionDetailViewController.swift; sourceTree = "<group>"; };
		A0E23F421EC5F071003F5844 /* EyeBot.app */ = {isa = PBXFileReference; explicitFileType = wrapper.application; includeInIndex = 0; path = EyeBot.app; sourceTree = BUILT_PRODUCTS_DIR; };
		A0E23F451EC5F071003F5844 /* AppDelegate.swift */ = {isa = PBXFileReference; lastKnownFileType = sourcecode.swift; path = AppDelegate.swift; sourceTree = "<group>"; };
		A0E23F471EC5F071003F5844 /* ViewController.swift */ = {isa = PBXFileReference; lastKnownFileType = sourcecode.swift; path = ViewController.swift; sourceTree = "<group>"; };
		A0E23F4A1EC5F071003F5844 /* Base */ = {isa = PBXFileReference; lastKnownFileType = file.storyboard; name = Base; path = Base.lproj/Main.storyboard; sourceTree = "<group>"; };
		A0E23F4C1EC5F071003F5844 /* Assets.xcassets */ = {isa = PBXFileReference; lastKnownFileType = folder.assetcatalog; path = Assets.xcassets; sourceTree = "<group>"; };
		A0E23F4F1EC5F071003F5844 /* Base */ = {isa = PBXFileReference; lastKnownFileType = file.storyboard; name = Base; path = Base.lproj/LaunchScreen.storyboard; sourceTree = "<group>"; };
		A0E23F511EC5F071003F5844 /* Info.plist */ = {isa = PBXFileReference; lastKnownFileType = text.plist.xml; path = Info.plist; sourceTree = "<group>"; };
		A0EA9DFD1EC6104C00BDF946 /* EinsteinManager.swift */ = {isa = PBXFileReference; fileEncoding = 4; lastKnownFileType = sourcecode.swift; path = EinsteinManager.swift; sourceTree = "<group>"; };
		FCC6C6D5AD7F29A34D21A18D /* Pods-EyeBot.release.xcconfig */ = {isa = PBXFileReference; includeInIndex = 1; lastKnownFileType = text.xcconfig; name = "Pods-EyeBot.release.xcconfig"; path = "Pods/Target Support Files/Pods-EyeBot/Pods-EyeBot.release.xcconfig"; sourceTree = "<group>"; };
/* End PBXFileReference section */

/* Begin PBXFrameworksBuildPhase section */
		A0E23F3F1EC5F071003F5844 /* Frameworks */ = {
			isa = PBXFrameworksBuildPhase;
			buildActionMask = 2147483647;
			files = (
				6742CF620C236842675CD48F /* Pods_EyeBot.framework in Frameworks */,
			);
			runOnlyForDeploymentPostprocessing = 0;
		};
/* End PBXFrameworksBuildPhase section */

/* Begin PBXGroup section */
		81FDC5A6971BC1E862D31462 /* Pods */ = {
			isa = PBXGroup;
			children = (
				4FBC21F14B7F3C325FC1D0D5 /* Pods-EyeBot.debug.xcconfig */,
				FCC6C6D5AD7F29A34D21A18D /* Pods-EyeBot.release.xcconfig */,
			);
			name = Pods;
			sourceTree = "<group>";
		};
		A0B21FCF1EC9EB4C00FFB8C4 /* Model */ = {
			isa = PBXGroup;
			children = (
				A0B21FCD1EC9EAB500FFB8C4 /* StoredPrediction.swift */,
			);
			name = Model;
			sourceTree = "<group>";
		};
		A0B21FDA1EC9F95F00FFB8C4 /* Prediction History */ = {
			isa = PBXGroup;
			children = (
				A0B21FD61EC9F94200FFB8C4 /* PredictionsTableViewController.swift */,
				A0B21FD81EC9F95900FFB8C4 /* PredictionTableViewCell.swift */,
				A0B21FDB1EC9FA7500FFB8C4 /* PredictionDetailViewController.swift */,
			);
			name = "Prediction History";
			sourceTree = "<group>";
		};
		A0E23F391EC5F071003F5844 = {
			isa = PBXGroup;
			children = (
				A0E23F441EC5F071003F5844 /* EyeBot */,
				A0E23F431EC5F071003F5844 /* Products */,
				81FDC5A6971BC1E862D31462 /* Pods */,
				BA8E58307BF08533E040EB09 /* Frameworks */,
			);
			sourceTree = "<group>";
		};
		A0E23F431EC5F071003F5844 /* Products */ = {
			isa = PBXGroup;
			children = (
				A0E23F421EC5F071003F5844 /* EyeBot.app */,
			);
			name = Products;
			sourceTree = "<group>";
		};
		A0E23F441EC5F071003F5844 /* EyeBot */ = {
			isa = PBXGroup;
			children = (
				A0B21FCF1EC9EB4C00FFB8C4 /* Model */,
				A0EA9DFF1EC6105200BDF946 /* API */,
				A0E23F451EC5F071003F5844 /* AppDelegate.swift */,
				A0E23F471EC5F071003F5844 /* ViewController.swift */,
				22C69C3C1EC7BA2F00B77D85 /* ResultViewController.swift */,
				A0B21FDA1EC9F95F00FFB8C4 /* Prediction History */,
				A0E23F491EC5F071003F5844 /* Main.storyboard */,
				A0E23F4C1EC5F071003F5844 /* Assets.xcassets */,
				A0E23F4E1EC5F071003F5844 /* LaunchScreen.storyboard */,
				A0E23F511EC5F071003F5844 /* Info.plist */,
			);
			path = EyeBot;
			sourceTree = "<group>";
		};
		A0EA9DFF1EC6105200BDF946 /* API */ = {
			isa = PBXGroup;
			children = (
				A0EA9DFD1EC6104C00BDF946 /* EinsteinManager.swift */,
				A0B21FD01EC9EBE800FFB8C4 /* PredictionError.swift */,
				A0B21FD21EC9EBF100FFB8C4 /* Prediction.swift */,
				A0B21FD41EC9EBFC00FFB8C4 /* Probability.swift */,
			);
			name = API;
			sourceTree = "<group>";
		};
		BA8E58307BF08533E040EB09 /* Frameworks */ = {
			isa = PBXGroup;
			children = (
				96D82E656639FA3CEC640F2D /* Pods_EyeBot.framework */,
			);
			name = Frameworks;
			sourceTree = "<group>";
		};
/* End PBXGroup section */

/* Begin PBXNativeTarget section */
		A0E23F411EC5F071003F5844 /* EyeBot */ = {
			isa = PBXNativeTarget;
			buildConfigurationList = A0E23F541EC5F071003F5844 /* Build configuration list for PBXNativeTarget "EyeBot" */;
			buildPhases = (
				8FB74A5C5C522CB3FFF7B3CD /* [CP] Check Pods Manifest.lock */,
				A0E23F3E1EC5F071003F5844 /* Sources */,
				A0E23F3F1EC5F071003F5844 /* Frameworks */,
				A0E23F401EC5F071003F5844 /* Resources */,
				198BB4FC9A050F4D8D20A607 /* [CP] Embed Pods Frameworks */,
				D48A5D8ACED4C030B904C29D /* [CP] Copy Pods Resources */,
			);
			buildRules = (
			);
			dependencies = (
			);
			name = EyeBot;
			productName = EyeBot;
			productReference = A0E23F421EC5F071003F5844 /* EyeBot.app */;
			productType = "com.apple.product-type.application";
		};
/* End PBXNativeTarget section */

/* Begin PBXProject section */
		A0E23F3A1EC5F071003F5844 /* Project object */ = {
			isa = PBXProject;
			attributes = {
				LastSwiftUpdateCheck = 0830;
				LastUpgradeCheck = 0830;
				ORGANIZATIONNAME = com.eyebot;
				TargetAttributes = {
					A0E23F411EC5F071003F5844 = {
						CreatedOnToolsVersion = 8.3.2;
						DevelopmentTeam = UTW4F4N6DF;
						ProvisioningStyle = Automatic;
					};
				};
			};
			buildConfigurationList = A0E23F3D1EC5F071003F5844 /* Build configuration list for PBXProject "EyeBot" */;
			compatibilityVersion = "Xcode 3.2";
			developmentRegion = English;
			hasScannedForEncodings = 0;
			knownRegions = (
				en,
				Base,
			);
			mainGroup = A0E23F391EC5F071003F5844;
			productRefGroup = A0E23F431EC5F071003F5844 /* Products */;
			projectDirPath = "";
			projectRoot = "";
			targets = (
				A0E23F411EC5F071003F5844 /* EyeBot */,
			);
		};
/* End PBXProject section */

/* Begin PBXResourcesBuildPhase section */
		A0E23F401EC5F071003F5844 /* Resources */ = {
			isa = PBXResourcesBuildPhase;
			buildActionMask = 2147483647;
			files = (
				A0E23F501EC5F071003F5844 /* LaunchScreen.storyboard in Resources */,
				A0E23F4D1EC5F071003F5844 /* Assets.xcassets in Resources */,
				A0E23F4B1EC5F071003F5844 /* Main.storyboard in Resources */,
			);
			runOnlyForDeploymentPostprocessing = 0;
		};
/* End PBXResourcesBuildPhase section */

/* Begin PBXShellScriptBuildPhase section */
		198BB4FC9A050F4D8D20A607 /* [CP] Embed Pods Frameworks */ = {
			isa = PBXShellScriptBuildPhase;
			buildActionMask = 2147483647;
			files = (
			);
			inputPaths = (
			);
			name = "[CP] Embed Pods Frameworks";
			outputPaths = (
			);
			runOnlyForDeploymentPostprocessing = 0;
			shellPath = /bin/sh;
			shellScript = "\"${SRCROOT}/Pods/Target Support Files/Pods-EyeBot/Pods-EyeBot-frameworks.sh\"\n";
			showEnvVarsInLog = 0;
		};
		8FB74A5C5C522CB3FFF7B3CD /* [CP] Check Pods Manifest.lock */ = {
			isa = PBXShellScriptBuildPhase;
			buildActionMask = 2147483647;
			files = (
			);
			inputPaths = (
			);
			name = "[CP] Check Pods Manifest.lock";
			outputPaths = (
			);
			runOnlyForDeploymentPostprocessing = 0;
			shellPath = /bin/sh;
			shellScript = "diff \"${PODS_PODFILE_DIR_PATH}/Podfile.lock\" \"${PODS_ROOT}/Manifest.lock\" > /dev/null\nif [ $? != 0 ] ; then\n    # print error to STDERR\n    echo \"error: The sandbox is not in sync with the Podfile.lock. Run 'pod install' or update your CocoaPods installation.\" >&2\n    exit 1\nfi\n";
			showEnvVarsInLog = 0;
		};
		D48A5D8ACED4C030B904C29D /* [CP] Copy Pods Resources */ = {
			isa = PBXShellScriptBuildPhase;
			buildActionMask = 2147483647;
			files = (
			);
			inputPaths = (
			);
			name = "[CP] Copy Pods Resources";
			outputPaths = (
			);
			runOnlyForDeploymentPostprocessing = 0;
			shellPath = /bin/sh;
			shellScript = "\"${SRCROOT}/Pods/Target Support Files/Pods-EyeBot/Pods-EyeBot-resources.sh\"\n";
			showEnvVarsInLog = 0;
		};
/* End PBXShellScriptBuildPhase section */

/* Begin PBXSourcesBuildPhase section */
		A0E23F3E1EC5F071003F5844 /* Sources */ = {
			isa = PBXSourcesBuildPhase;
			buildActionMask = 2147483647;
			files = (
				22C69C3D1EC7BA2F00B77D85 /* ResultViewController.swift in Sources */,
				A0E23F481EC5F071003F5844 /* ViewController.swift in Sources */,
				A0EA9DFE1EC6104C00BDF946 /* EinsteinManager.swift in Sources */,
				A0B21FD11EC9EBE800FFB8C4 /* PredictionError.swift in Sources */,
				A0B21FD31EC9EBF100FFB8C4 /* Prediction.swift in Sources */,
				A0B21FD51EC9EBFC00FFB8C4 /* Probability.swift in Sources */,
				A0B21FD91EC9F95900FFB8C4 /* PredictionTableViewCell.swift in Sources */,
				A0B21FDC1EC9FA7500FFB8C4 /* PredictionDetailViewController.swift in Sources */,
				A0B21FD71EC9F94200FFB8C4 /* PredictionsTableViewController.swift in Sources */,
				A0B21FCE1EC9EAB500FFB8C4 /* StoredPrediction.swift in Sources */,
				A0E23F461EC5F071003F5844 /* AppDelegate.swift in Sources */,
			);
			runOnlyForDeploymentPostprocessing = 0;
		};
/* End PBXSourcesBuildPhase section */

/* Begin PBXVariantGroup section */
		A0E23F491EC5F071003F5844 /* Main.storyboard */ = {
			isa = PBXVariantGroup;
			children = (
				A0E23F4A1EC5F071003F5844 /* Base */,
			);
			name = Main.storyboard;
			sourceTree = "<group>";
		};
		A0E23F4E1EC5F071003F5844 /* LaunchScreen.storyboard */ = {
			isa = PBXVariantGroup;
			children = (
				A0E23F4F1EC5F071003F5844 /* Base */,
			);
			name = LaunchScreen.storyboard;
			sourceTree = "<group>";
		};
/* End PBXVariantGroup section */

/* Begin XCBuildConfiguration section */
		A0E23F521EC5F071003F5844 /* Debug */ = {
			isa = XCBuildConfiguration;
			buildSettings = {
				ALWAYS_SEARCH_USER_PATHS = NO;
				CLANG_ANALYZER_NONNULL = YES;
				CLANG_ANALYZER_NUMBER_OBJECT_CONVERSION = YES_AGGRESSIVE;
				CLANG_CXX_LANGUAGE_STANDARD = "gnu++0x";
				CLANG_CXX_LIBRARY = "libc++";
				CLANG_ENABLE_MODULES = YES;
				CLANG_ENABLE_OBJC_ARC = YES;
				CLANG_WARN_BOOL_CONVERSION = YES;
				CLANG_WARN_CONSTANT_CONVERSION = YES;
				CLANG_WARN_DIRECT_OBJC_ISA_USAGE = YES_ERROR;
				CLANG_WARN_DOCUMENTATION_COMMENTS = YES;
				CLANG_WARN_EMPTY_BODY = YES;
				CLANG_WARN_ENUM_CONVERSION = YES;
				CLANG_WARN_INFINITE_RECURSION = YES;
				CLANG_WARN_INT_CONVERSION = YES;
				CLANG_WARN_OBJC_ROOT_CLASS = YES_ERROR;
				CLANG_WARN_SUSPICIOUS_MOVE = YES;
				CLANG_WARN_UNREACHABLE_CODE = YES;
				CLANG_WARN__DUPLICATE_METHOD_MATCH = YES;
				"CODE_SIGN_IDENTITY[sdk=iphoneos*]" = "iPhone Developer";
				COPY_PHASE_STRIP = NO;
				DEBUG_INFORMATION_FORMAT = dwarf;
				ENABLE_STRICT_OBJC_MSGSEND = YES;
				ENABLE_TESTABILITY = YES;
				GCC_C_LANGUAGE_STANDARD = gnu99;
				GCC_DYNAMIC_NO_PIC = NO;
				GCC_NO_COMMON_BLOCKS = YES;
				GCC_OPTIMIZATION_LEVEL = 0;
				GCC_PREPROCESSOR_DEFINITIONS = (
					"DEBUG=1",
					"$(inherited)",
				);
				GCC_WARN_64_TO_32_BIT_CONVERSION = YES;
				GCC_WARN_ABOUT_RETURN_TYPE = YES_ERROR;
				GCC_WARN_UNDECLARED_SELECTOR = YES;
				GCC_WARN_UNINITIALIZED_AUTOS = YES_AGGRESSIVE;
				GCC_WARN_UNUSED_FUNCTION = YES;
				GCC_WARN_UNUSED_VARIABLE = YES;
				IPHONEOS_DEPLOYMENT_TARGET = 10.3;
				MTL_ENABLE_DEBUG_INFO = YES;
				ONLY_ACTIVE_ARCH = YES;
				SDKROOT = iphoneos;
				SWIFT_ACTIVE_COMPILATION_CONDITIONS = DEBUG;
				SWIFT_OPTIMIZATION_LEVEL = "-Onone";
				TARGETED_DEVICE_FAMILY = "1,2";
			};
			name = Debug;
		};
		A0E23F531EC5F071003F5844 /* Release */ = {
			isa = XCBuildConfiguration;
			buildSettings = {
				ALWAYS_SEARCH_USER_PATHS = NO;
				CLANG_ANALYZER_NONNULL = YES;
				CLANG_ANALYZER_NUMBER_OBJECT_CONVERSION = YES_AGGRESSIVE;
				CLANG_CXX_LANGUAGE_STANDARD = "gnu++0x";
				CLANG_CXX_LIBRARY = "libc++";
				CLANG_ENABLE_MODULES = YES;
				CLANG_ENABLE_OBJC_ARC = YES;
				CLANG_WARN_BOOL_CONVERSION = YES;
				CLANG_WARN_CONSTANT_CONVERSION = YES;
				CLANG_WARN_DIRECT_OBJC_ISA_USAGE = YES_ERROR;
				CLANG_WARN_DOCUMENTATION_COMMENTS = YES;
				CLANG_WARN_EMPTY_BODY = YES;
				CLANG_WARN_ENUM_CONVERSION = YES;
				CLANG_WARN_INFINITE_RECURSION = YES;
				CLANG_WARN_INT_CONVERSION = YES;
				CLANG_WARN_OBJC_ROOT_CLASS = YES_ERROR;
				CLANG_WARN_SUSPICIOUS_MOVE = YES;
				CLANG_WARN_UNREACHABLE_CODE = YES;
				CLANG_WARN__DUPLICATE_METHOD_MATCH = YES;
				"CODE_SIGN_IDENTITY[sdk=iphoneos*]" = "iPhone Developer";
				COPY_PHASE_STRIP = NO;
				DEBUG_INFORMATION_FORMAT = "dwarf-with-dsym";
				ENABLE_NS_ASSERTIONS = NO;
				ENABLE_STRICT_OBJC_MSGSEND = YES;
				GCC_C_LANGUAGE_STANDARD = gnu99;
				GCC_NO_COMMON_BLOCKS = YES;
				GCC_WARN_64_TO_32_BIT_CONVERSION = YES;
				GCC_WARN_ABOUT_RETURN_TYPE = YES_ERROR;
				GCC_WARN_UNDECLARED_SELECTOR = YES;
				GCC_WARN_UNINITIALIZED_AUTOS = YES_AGGRESSIVE;
				GCC_WARN_UNUSED_FUNCTION = YES;
				GCC_WARN_UNUSED_VARIABLE = YES;
				IPHONEOS_DEPLOYMENT_TARGET = 10.3;
				MTL_ENABLE_DEBUG_INFO = NO;
				SDKROOT = iphoneos;
				SWIFT_OPTIMIZATION_LEVEL = "-Owholemodule";
				TARGETED_DEVICE_FAMILY = "1,2";
				VALIDATE_PRODUCT = YES;
			};
			name = Release;
		};
		A0E23F551EC5F071003F5844 /* Debug */ = {
			isa = XCBuildConfiguration;
			baseConfigurationReference = 4FBC21F14B7F3C325FC1D0D5 /* Pods-EyeBot.debug.xcconfig */;
			buildSettings = {
				ASSETCATALOG_COMPILER_APPICON_NAME = AppIcon;
				DEVELOPMENT_TEAM = UTW4F4N6DF;
				INFOPLIST_FILE = EyeBot/Info.plist;
				LD_RUNPATH_SEARCH_PATHS = "$(inherited) @executable_path/Frameworks";
				PRODUCT_BUNDLE_IDENTIFIER = com.siemens.energy.EyeBot;
				PRODUCT_NAME = "$(TARGET_NAME)";
				SWIFT_VERSION = 3.0;
			};
			name = Debug;
		};
		A0E23F561EC5F071003F5844 /* Release */ = {
			isa = XCBuildConfiguration;
			baseConfigurationReference = FCC6C6D5AD7F29A34D21A18D /* Pods-EyeBot.release.xcconfig */;
			buildSettings = {
				ASSETCATALOG_COMPILER_APPICON_NAME = AppIcon;
				DEVELOPMENT_TEAM = UTW4F4N6DF;
				INFOPLIST_FILE = EyeBot/Info.plist;
				LD_RUNPATH_SEARCH_PATHS = "$(inherited) @executable_path/Frameworks";
				PRODUCT_BUNDLE_IDENTIFIER = com.siemens.energy.EyeBot;
				PRODUCT_NAME = "$(TARGET_NAME)";
				SWIFT_VERSION = 3.0;
			};
			name = Release;
		};
/* End XCBuildConfiguration section */

/* Begin XCConfigurationList section */
		A0E23F3D1EC5F071003F5844 /* Build configuration list for PBXProject "EyeBot" */ = {
			isa = XCConfigurationList;
			buildConfigurations = (
				A0E23F521EC5F071003F5844 /* Debug */,
				A0E23F531EC5F071003F5844 /* Release */,
			);
			defaultConfigurationIsVisible = 0;
			defaultConfigurationName = Release;
		};
		A0E23F541EC5F071003F5844 /* Build configuration list for PBXNativeTarget "EyeBot" */ = {
			isa = XCConfigurationList;
			buildConfigurations = (
				A0E23F551EC5F071003F5844 /* Debug */,
				A0E23F561EC5F071003F5844 /* Release */,
			);
			defaultConfigurationIsVisible = 0;
			defaultConfigurationName = Release;
		};
/* End XCConfigurationList section */
	};
	rootObject = A0E23F3A1EC5F071003F5844 /* Project object */;
}
